
Microsoft Visual Studio Solution File, Format Version 12.00
# Visual Studio 15
VisualStudioVersion = 15.0.26730.16
MinimumVisualStudioVersion = 10.0.40219.1
Project("{FAE04EC0-301F-11D3-BF4B-00C04F79EFBC}") = "Formularios", "Formularios\Formularios.csproj", "{BB560BDF-D71E-466A-9414-7AAE1F11C42C}"
EndProject
Global
	GlobalSection(SolutionConfigurationPlatforms) = preSolution
		Debug|Any CPU = Debug|Any CPU
		Release|Any CPU = Release|Any CPU
	EndGlobalSection
	GlobalSection(ProjectConfigurationPlatforms) = postSolution
		{BB560BDF-D71E-466A-9414-7AAE1F11C42C}.Debug|Any CPU.ActiveCfg = Debug|Any CPU
		{BB560BDF-D71E-466A-9414-7AAE1F11C42C}.Debug|Any CPU.Build.0 = Debug|Any CPU
		{BB560BDF-D71E-466A-9414-7AAE1F11C42C}.Release|Any CPU.ActiveCfg = Release|Any CPU
		{BB560BDF-D71E-466A-9414-7AAE1F11C42C}.Release|Any CPU.Build.0 = Release|Any CPU
	EndGlobalSection
	GlobalSection(SolutionProperties) = preSolution
		HideSolutionNode = FALSE
	EndGlobalSection
	GlobalSection(ExtensibilityGlobals) = postSolution
		SolutionGuid = {6C118C9E-EEC1-42D9-8737-1A135E80C11C}
	EndGlobalSection
EndGlobal
